
Microsoft Visual Studio Solution File, Format Version 11.00
# Visual Studio 2010
Project("{FAE04EC0-301F-11D3-BF4B-00C04F79EFBC}") = "Assembly-CSharp", "Assembly-CSharp.csproj", "{eb067a34-b942-1e33-2b96-f354b7c56bba}"
EndProject
Project("{FAE04EC0-301F-11D3-BF4B-00C04F79EFBC}") = "GPUInstancer", "GPUInstancer.csproj", "{a877ee75-7f51-7268-847f-72829ac27079}"
EndProject
Project("{FAE04EC0-301F-11D3-BF4B-00C04F79EFBC}") = "AFPSCounter.Runtime", "AFPSCounter.Runtime.csproj", "{b610b7ef-6548-c448-d56f-e763c743344b}"
EndProject
Project("{FAE04EC0-301F-11D3-BF4B-00C04F79EFBC}") = "AFPSCounter.Examples", "AFPSCounter.Examples.csproj", "{29a16ac9-3840-5824-1893-8ad1af25eb52}"
EndProject
Project("{FAE04EC0-301F-11D3-BF4B-00C04F79EFBC}") = "GPUInstancer.Editor", "GPUInstancer.Editor.csproj", "{990cf414-abca-c431-b2a7-179c8696bc43}"
EndProject
Project("{FAE04EC0-301F-11D3-BF4B-00C04F79EFBC}") = "Assembly-CSharp-Editor", "Assembly-CSharp-Editor.csproj", "{67fa8074-cdd1-2cd0-e992-cfc553dd11e6}"
EndProject
Project("{FAE04EC0-301F-11D3-BF4B-00C04F79EFBC}") = "AFPSCounter.Editor", "AFPSCounter.Editor.csproj", "{80124840-8890-528e-2c71-d27b1e452ac8}"
EndProject
Global
	GlobalSection(SolutionConfigurationPlatforms) = preSolution
		Debug|Any CPU = Debug|Any CPU
	EndGlobalSection
	GlobalSection(ProjectConfigurationPlatforms) = postSolution
		{eb067a34-b942-1e33-2b96-f354b7c56bba}.Debug|Any CPU.ActiveCfg = Debug|Any CPU
		{eb067a34-b942-1e33-2b96-f354b7c56bba}.Debug|Any CPU.Build.0 = Debug|Any CPU
		{a877ee75-7f51-7268-847f-72829ac27079}.Debug|Any CPU.ActiveCfg = Debug|Any CPU
		{a877ee75-7f51-7268-847f-72829ac27079}.Debug|Any CPU.Build.0 = Debug|Any CPU
		{b610b7ef-6548-c448-d56f-e763c743344b}.Debug|Any CPU.ActiveCfg = Debug|Any CPU
		{b610b7ef-6548-c448-d56f-e763c743344b}.Debug|Any CPU.Build.0 = Debug|Any CPU
		{29a16ac9-3840-5824-1893-8ad1af25eb52}.Debug|Any CPU.ActiveCfg = Debug|Any CPU
		{29a16ac9-3840-5824-1893-8ad1af25eb52}.Debug|Any CPU.Build.0 = Debug|Any CPU
		{990cf414-abca-c431-b2a7-179c8696bc43}.Debug|Any CPU.ActiveCfg = Debug|Any CPU
		{990cf414-abca-c431-b2a7-179c8696bc43}.Debug|Any CPU.Build.0 = Debug|Any CPU
		{67fa8074-cdd1-2cd0-e992-cfc553dd11e6}.Debug|Any CPU.ActiveCfg = Debug|Any CPU
		{67fa8074-cdd1-2cd0-e992-cfc553dd11e6}.Debug|Any CPU.Build.0 = Debug|Any CPU
		{80124840-8890-528e-2c71-d27b1e452ac8}.Debug|Any CPU.ActiveCfg = Debug|Any CPU
		{80124840-8890-528e-2c71-d27b1e452ac8}.Debug|Any CPU.Build.0 = Debug|Any CPU
	EndGlobalSection
	GlobalSection(SolutionProperties) = preSolution
		HideSolutionNode = FALSE
	EndGlobalSection
EndGlobal
